
Microsoft Visual Studio Solution File, Format Version 12.00
# Visual Studio Version 16
VisualStudioVersion = 16.0.30611.23
MinimumVisualStudioVersion = 10.0.40219.1
Project("{FAE04EC0-301F-11D3-BF4B-00C04F79EFBC}") = "MainAuth", "MainAuth.csproj", "{4CEFB4A4-832B-4102-9D0A-393951CF4C2F}"
EndProject
Global
	GlobalSection(SolutionConfigurationPlatforms) = preSolution
		Debug|Any CPU = Debug|Any CPU
		Release|Any CPU = Release|Any CPU
	EndGlobalSection
	GlobalSection(ProjectConfigurationPlatforms) = postSolution
		{4CEFB4A4-832B-4102-9D0A-393951CF4C2F}.Debug|Any CPU.ActiveCfg = Debug|Any CPU
		{4CEFB4A4-832B-4102-9D0A-393951CF4C2F}.Debug|Any CPU.Build.0 = Debug|Any CPU
		{4CEFB4A4-832B-4102-9D0A-393951CF4C2F}.Release|Any CPU.ActiveCfg = Release|Any CPU
		{4CEFB4A4-832B-4102-9D0A-393951CF4C2F}.Release|Any CPU.Build.0 = Release|Any CPU
	EndGlobalSection
	GlobalSection(SolutionProperties) = preSolution
		HideSolutionNode = FALSE
	EndGlobalSection
	GlobalSection(ExtensibilityGlobals) = postSolution
		SolutionGuid = {21E2AFE2-AC20-46DA-A868-897467431E49}
	EndGlobalSection
EndGlobal
